
Microsoft Visual Studio Solution File, Format Version 12.00
# Visual Studio Version 17
VisualStudioVersion = 17.0.32014.148
MinimumVisualStudioVersion = 10.0.40219.1
Project("{9A19103F-16F7-4668-BE54-9A1E7A4F7556}") = "EFCore.WebAPI", "EFCore.WebAPI\EFCore.WebAPI.csproj", "{A68B5CBD-329C-4FEC-BC5A-9FC47784CE29}"
EndProject
Project("{FAE04EC0-301F-11D3-BF4B-00C04F79EFBC}") = "EFCore.Dominio", "EFCore.Dominio\EFCore.Dominio.csproj", "{55A65563-3EC1-4441-92B7-51C7A768B336}"
EndProject
Project("{FAE04EC0-301F-11D3-BF4B-00C04F79EFBC}") = "EFCoreRepo", "EFCoreRepo\EFCoreRepo.csproj", "{9038ACF6-6815-41BC-AF43-FDADA25D38ED}"
EndProject
Global
	GlobalSection(SolutionConfigurationPlatforms) = preSolution
		Debug|Any CPU = Debug|Any CPU
		Release|Any CPU = Release|Any CPU
	EndGlobalSection
	GlobalSection(ProjectConfigurationPlatforms) = postSolution
		{A68B5CBD-329C-4FEC-BC5A-9FC47784CE29}.Debug|Any CPU.ActiveCfg = Debug|Any CPU
		{A68B5CBD-329C-4FEC-BC5A-9FC47784CE29}.Debug|Any CPU.Build.0 = Debug|Any CPU
		{A68B5CBD-329C-4FEC-BC5A-9FC47784CE29}.Release|Any CPU.ActiveCfg = Release|Any CPU
		{A68B5CBD-329C-4FEC-BC5A-9FC47784CE29}.Release|Any CPU.Build.0 = Release|Any CPU
		{55A65563-3EC1-4441-92B7-51C7A768B336}.Debug|Any CPU.ActiveCfg = Debug|Any CPU
		{55A65563-3EC1-4441-92B7-51C7A768B336}.Debug|Any CPU.Build.0 = Debug|Any CPU
		{55A65563-3EC1-4441-92B7-51C7A768B336}.Release|Any CPU.ActiveCfg = Release|Any CPU
		{55A65563-3EC1-4441-92B7-51C7A768B336}.Release|Any CPU.Build.0 = Release|Any CPU
		{9038ACF6-6815-41BC-AF43-FDADA25D38ED}.Debug|Any CPU.ActiveCfg = Debug|Any CPU
		{9038ACF6-6815-41BC-AF43-FDADA25D38ED}.Debug|Any CPU.Build.0 = Debug|Any CPU
		{9038ACF6-6815-41BC-AF43-FDADA25D38ED}.Release|Any CPU.ActiveCfg = Release|Any CPU
		{9038ACF6-6815-41BC-AF43-FDADA25D38ED}.Release|Any CPU.Build.0 = Release|Any CPU
	EndGlobalSection
	GlobalSection(SolutionProperties) = preSolution
		HideSolutionNode = FALSE
	EndGlobalSection
	GlobalSection(ExtensibilityGlobals) = postSolution
		SolutionGuid = {45261C76-61DA-47BB-A3CC-BC60A3700879}
	EndGlobalSection
EndGlobal
